
Microsoft Visual Studio Solution File, Format Version 12.00
# Visual Studio 14
VisualStudioVersion = 14.0.25420.1
MinimumVisualStudioVersion = 10.0.40219.1
Project("{FAE04EC0-301F-11D3-BF4B-00C04F79EFBC}") = "CivilWorks.WebAPI", "CivilWorks.WebAPI\CivilWorks.WebAPI.csproj", "{864ABCCC-74AD-48F7-8C91-91FD881B1D64}"
EndProject
Project("{FAE04EC0-301F-11D3-BF4B-00C04F79EFBC}") = "CivilWorks.WebAPI.Tests", "CivilWorks.WebAPI.Tests\CivilWorks.WebAPI.Tests.csproj", "{7D1CE543-04B8-4697-9861-7DEBACBAB13A}"
EndProject
Project("{FAE04EC0-301F-11D3-BF4B-00C04F79EFBC}") = "CivilWorks.BusinessObjects", "CivilWorks.BusinessObjects\CivilWorks.BusinessObjects.csproj", "{1A18C83F-C092-495D-8442-479409B194D9}"
EndProject
Project("{FAE04EC0-301F-11D3-BF4B-00C04F79EFBC}") = "CivilWorks.DataRepository", "CivilWorks.DataRepository\CivilWorks.DataRepository.csproj", "{363C70E1-6F07-46C2-BD34-72D4C7BEA00D}"
EndProject
Global
	GlobalSection(SolutionConfigurationPlatforms) = preSolution
		Debug|Any CPU = Debug|Any CPU
		Release|Any CPU = Release|Any CPU
	EndGlobalSection
	GlobalSection(ProjectConfigurationPlatforms) = postSolution
		{864ABCCC-74AD-48F7-8C91-91FD881B1D64}.Debug|Any CPU.ActiveCfg = Debug|Any CPU
		{864ABCCC-74AD-48F7-8C91-91FD881B1D64}.Debug|Any CPU.Build.0 = Debug|Any CPU
		{864ABCCC-74AD-48F7-8C91-91FD881B1D64}.Release|Any CPU.ActiveCfg = Release|Any CPU
		{864ABCCC-74AD-48F7-8C91-91FD881B1D64}.Release|Any CPU.Build.0 = Release|Any CPU
		{7D1CE543-04B8-4697-9861-7DEBACBAB13A}.Debug|Any CPU.ActiveCfg = Debug|Any CPU
		{7D1CE543-04B8-4697-9861-7DEBACBAB13A}.Debug|Any CPU.Build.0 = Debug|Any CPU
		{7D1CE543-04B8-4697-9861-7DEBACBAB13A}.Release|Any CPU.ActiveCfg = Release|Any CPU
		{7D1CE543-04B8-4697-9861-7DEBACBAB13A}.Release|Any CPU.Build.0 = Release|Any CPU
		{1A18C83F-C092-495D-8442-479409B194D9}.Debug|Any CPU.ActiveCfg = Debug|Any CPU
		{1A18C83F-C092-495D-8442-479409B194D9}.Debug|Any CPU.Build.0 = Debug|Any CPU
		{1A18C83F-C092-495D-8442-479409B194D9}.Release|Any CPU.ActiveCfg = Release|Any CPU
		{1A18C83F-C092-495D-8442-479409B194D9}.Release|Any CPU.Build.0 = Release|Any CPU
		{363C70E1-6F07-46C2-BD34-72D4C7BEA00D}.Debug|Any CPU.ActiveCfg = Debug|Any CPU
		{363C70E1-6F07-46C2-BD34-72D4C7BEA00D}.Debug|Any CPU.Build.0 = Debug|Any CPU
		{363C70E1-6F07-46C2-BD34-72D4C7BEA00D}.Release|Any CPU.ActiveCfg = Release|Any CPU
		{363C70E1-6F07-46C2-BD34-72D4C7BEA00D}.Release|Any CPU.Build.0 = Release|Any CPU
	EndGlobalSection
	GlobalSection(SolutionProperties) = preSolution
		HideSolutionNode = FALSE
	EndGlobalSection
EndGlobal
